
Microsoft Visual Studio Solution File, Format Version 12.00
# Visual Studio 15
VisualStudioVersion = 15.0.27130.2026
MinimumVisualStudioVersion = 10.0.40219.1
Project("{FAE04EC0-301F-11D3-BF4B-00C04F79EFBC}") = "GraphApi.Console", "GraphApiConsole\GraphApi.Console.csproj", "{E207E9C7-6A3E-49F6-95FA-4F11DD3D316E}"
EndProject
Project("{FAE04EC0-301F-11D3-BF4B-00C04F79EFBC}") = "GraphApi.Core", "GraphApi.Lib\GraphApi.Core.csproj", "{FE74E097-BBF5-4708-93D0-EB5D8D1C9CF2}"
EndProject
Project("{FAE04EC0-301F-11D3-BF4B-00C04F79EFBC}") = "GraphApi.Test", "GraphApi.Test\GraphApi.Test.csproj", "{BAA61602-129A-4C9D-82DB-95E5FBE6811E}"
EndProject
Global
	GlobalSection(SolutionConfigurationPlatforms) = preSolution
		Debug|Any CPU = Debug|Any CPU
		Release|Any CPU = Release|Any CPU
	EndGlobalSection
	GlobalSection(ProjectConfigurationPlatforms) = postSolution
		{E207E9C7-6A3E-49F6-95FA-4F11DD3D316E}.Debug|Any CPU.ActiveCfg = Debug|Any CPU
		{E207E9C7-6A3E-49F6-95FA-4F11DD3D316E}.Debug|Any CPU.Build.0 = Debug|Any CPU
		{E207E9C7-6A3E-49F6-95FA-4F11DD3D316E}.Release|Any CPU.ActiveCfg = Release|Any CPU
		{E207E9C7-6A3E-49F6-95FA-4F11DD3D316E}.Release|Any CPU.Build.0 = Release|Any CPU
		{FE74E097-BBF5-4708-93D0-EB5D8D1C9CF2}.Debug|Any CPU.ActiveCfg = Debug|Any CPU
		{FE74E097-BBF5-4708-93D0-EB5D8D1C9CF2}.Debug|Any CPU.Build.0 = Debug|Any CPU
		{FE74E097-BBF5-4708-93D0-EB5D8D1C9CF2}.Release|Any CPU.ActiveCfg = Release|Any CPU
		{FE74E097-BBF5-4708-93D0-EB5D8D1C9CF2}.Release|Any CPU.Build.0 = Release|Any CPU
		{BAA61602-129A-4C9D-82DB-95E5FBE6811E}.Debug|Any CPU.ActiveCfg = Debug|Any CPU
		{BAA61602-129A-4C9D-82DB-95E5FBE6811E}.Debug|Any CPU.Build.0 = Debug|Any CPU
		{BAA61602-129A-4C9D-82DB-95E5FBE6811E}.Release|Any CPU.ActiveCfg = Release|Any CPU
		{BAA61602-129A-4C9D-82DB-95E5FBE6811E}.Release|Any CPU.Build.0 = Release|Any CPU
	EndGlobalSection
	GlobalSection(SolutionProperties) = preSolution
		HideSolutionNode = FALSE
	EndGlobalSection
	GlobalSection(ExtensibilityGlobals) = postSolution
		SolutionGuid = {3D25F1E2-1B4D-4873-B586-062341B1B5B3}
	EndGlobalSection
EndGlobal
